
Microsoft Visual Studio Solution File, Format Version 12.00
# Visual Studio Version 17
VisualStudioVersion = 17.12.35728.132
MinimumVisualStudioVersion = 10.0.40219.1
Project("{FAE04EC0-301F-11D3-BF4B-00C04F79EFBC}") = "uTPro.Feature.UrlViewer", "src\uTPro.Feature.UrlViewer\uTPro.Feature.UrlViewer.csproj", "{C1D2E3F4-1111-2222-3333-444455556666}"
EndProject
Project("{FAE04EC0-301F-11D3-BF4B-00C04F79EFBC}") = "uTPro.Feature.UrlViewer.TestSite", "src\uTPro.Feature.UrlViewer.TestSite\uTPro.Feature.UrlViewer.TestSite.csproj", "{D2E3F4A5-2222-3333-4444-555566667777}"
EndProject
Global
	GlobalSection(SolutionConfigurationPlatforms) = preSolution
		Debug|Any CPU = Debug|Any CPU
		Debug|x64 = Debug|x64
		Debug|x86 = Debug|x86
		Release|Any CPU = Release|Any CPU
		Release|x64 = Release|x64
		Release|x86 = Release|x86
	EndGlobalSection
	GlobalSection(ProjectConfigurationPlatforms) = postSolution
		{C1D2E3F4-1111-2222-3333-444455556666}.Debug|Any CPU.ActiveCfg = Debug|Any CPU
		{C1D2E3F4-1111-2222-3333-444455556666}.Debug|Any CPU.Build.0 = Debug|Any CPU
		{C1D2E3F4-1111-2222-3333-444455556666}.Debug|x64.ActiveCfg = Debug|Any CPU
		{C1D2E3F4-1111-2222-3333-444455556666}.Debug|x64.Build.0 = Debug|Any CPU
		{C1D2E3F4-1111-2222-3333-444455556666}.Debug|x86.ActiveCfg = Debug|Any CPU
		{C1D2E3F4-1111-2222-3333-444455556666}.Debug|x86.Build.0 = Debug|Any CPU
		{C1D2E3F4-1111-2222-3333-444455556666}.Release|Any CPU.ActiveCfg = Release|Any CPU
		{C1D2E3F4-1111-2222-3333-444455556666}.Release|Any CPU.Build.0 = Release|Any CPU
		{C1D2E3F4-1111-2222-3333-444455556666}.Release|x64.ActiveCfg = Release|Any CPU
		{C1D2E3F4-1111-2222-3333-444455556666}.Release|x64.Build.0 = Release|Any CPU
		{C1D2E3F4-1111-2222-3333-444455556666}.Release|x86.ActiveCfg = Release|Any CPU
		{C1D2E3F4-1111-2222-3333-444455556666}.Release|x86.Build.0 = Release|Any CPU
		{D2E3F4A5-2222-3333-4444-555566667777}.Debug|Any CPU.ActiveCfg = Debug|Any CPU
		{D2E3F4A5-2222-3333-4444-555566667777}.Debug|Any CPU.Build.0 = Debug|Any CPU
		{D2E3F4A5-2222-3333-4444-555566667777}.Debug|x64.ActiveCfg = Debug|Any CPU
		{D2E3F4A5-2222-3333-4444-555566667777}.Debug|x64.Build.0 = Debug|Any CPU
		{D2E3F4A5-2222-3333-4444-555566667777}.Debug|x86.ActiveCfg = Debug|Any CPU
		{D2E3F4A5-2222-3333-4444-555566667777}.Debug|x86.Build.0 = Debug|Any CPU
		{D2E3F4A5-2222-3333-4444-555566667777}.Release|Any CPU.ActiveCfg = Release|Any CPU
		{D2E3F4A5-2222-3333-4444-555566667777}.Release|Any CPU.Build.0 = Release|Any CPU
		{D2E3F4A5-2222-3333-4444-555566667777}.Release|x64.ActiveCfg = Release|Any CPU
		{D2E3F4A5-2222-3333-4444-555566667777}.Release|x64.Build.0 = Release|Any CPU
		{D2E3F4A5-2222-3333-4444-555566667777}.Release|x86.ActiveCfg = Release|Any CPU
		{D2E3F4A5-2222-3333-4444-555566667777}.Release|x86.Build.0 = Release|Any CPU
	EndGlobalSection
	GlobalSection(SolutionProperties) = preSolution
		HideSolutionNode = FALSE
	EndGlobalSection
EndGlobal
